// !$*UTF8*$!
{
	archiveVersion = 1;
	classes = {
	};
	objectVersion = 48;
	objects = {

/* Begin PBXBuildFile section */
		FD221AFC207DAB5000C2FFD9 /* AppDelegate.swift in Sources */ = {isa = PBXBuildFile; fileRef = FD221AFB207DAB5000C2FFD9 /* AppDelegate.swift */; };
		FD221AFE207DAB5000C2FFD9 /* ViewController.swift in Sources */ = {isa = PBXBuildFile; fileRef = FD221AFD207DAB5000C2FFD9 /* ViewController.swift */; };
		FD221B01207DAB5100C2FFD9 /* Main.storyboard in Resources */ = {isa = PBXBuildFile; fileRef = FD221AFF207DAB5100C2FFD9 /* Main.storyboard */; };
		FD221B03207DAB5100C2FFD9 /* Assets.xcassets in Resources */ = {isa = PBXBuildFile; fileRef = FD221B02207DAB5100C2FFD9 /* Assets.xcassets */; };
		FD221B06207DAB5100C2FFD9 /* LaunchScreen.storyboard in Resources */ = {isa = PBXBuildFile; fileRef = FD221B04207DAB5100C2FFD9 /* LaunchScreen.storyboard */; };
/* End PBXBuildFile section */

/* Begin PBXFileReference section */
		FD221AF8207DAB5000C2FFD9 /* Digital Timer.app */ = {isa = PBXFileReference; explicitFileType = wrapper.application; includeInIndex = 0; path = "Digital Timer.app"; sourceTree = BUILT_PRODUCTS_DIR; };
		FD221AFB207DAB5000C2FFD9 /* AppDelegate.swift */ = {isa = PBXFileReference; lastKnownFileType = sourcecode.swift; path = AppDelegate.swift; sourceTree = "<group>"; };
		FD221AFD207DAB5000C2FFD9 /* ViewController.swift */ = {isa = PBXFileReference; lastKnownFileType = sourcecode.swift; path = ViewController.swift; sourceTree = "<group>"; };
		FD221B00207DAB5100C2FFD9 /* Base */ = {isa = PBXFileReference; lastKnownFileType = file.storyboard; name = Base; path = Base.lproj/Main.storyboard; sourceTree = "<group>"; };
		FD221B02207DAB5100C2FFD9 /* Assets.xcassets */ = {isa = PBXFileReference; lastKnownFileType = folder.assetcatalog; path = Assets.xcassets; sourceTree = "<group>"; };
		FD221B05207DAB5100C2FFD9 /* Base */ = {isa = PBXFileReference; lastKnownFileType = file.storyboard; name = Base; path = Base.lproj/LaunchScreen.storyboard; sourceTree = "<group>"; };
		FD221B07207DAB5100C2FFD9 /* Info.plist */ = {isa = PBXFileReference; lastKnownFileType = text.plist.xml; path = Info.plist; sourceTree = "<group>"; };
/* End PBXFileReference section */

/* Begin PBXFrameworksBuildPhase section */
		FD221AF5207DAB5000C2FFD9 /* Frameworks */ = {
			isa = PBXFrameworksBuildPhase;
			buildActionMask = 2147483647;
			files = (
			);
			runOnlyForDeploymentPostprocessing = 0;
		};
/* End PBXFrameworksBuildPhase section */

/* Begin PBXGroup section */
		FD221AEF207DAB5000C2FFD9 = {
			isa = PBXGroup;
			children = (
				FD221AFA207DAB5000C2FFD9 /* Digital Timer */,
				FD221AF9207DAB5000C2FFD9 /* Products */,
			);
			sourceTree = "<group>";
		};
		FD221AF9207DAB5000C2FFD9 /* Products */ = {
			isa = PBXGroup;
			children = (
				FD221AF8207DAB5000C2FFD9 /* Digital Timer.app */,
			);
			name = Products;
			sourceTree = "<group>";
		};
		FD221AFA207DAB5000C2FFD9 /* Digital Timer */ = {
			isa = PBXGroup;
			children = (
				FD221AFB207DAB5000C2FFD9 /* AppDelegate.swift */,
				FD221AFD207DAB5000C2FFD9 /* ViewController.swift */,
				FD221AFF207DAB5100C2FFD9 /* Main.storyboard */,
				FD221B02207DAB5100C2FFD9 /* Assets.xcassets */,
				FD221B04207DAB5100C2FFD9 /* LaunchScreen.storyboard */,
				FD221B07207DAB5100C2FFD9 /* Info.plist */,
			);
			path = "Digital Timer";
			sourceTree = "<group>";
		};
/* End PBXGroup section */

/* Begin PBXNativeTarget section */
		FD221AF7207DAB5000C2FFD9 /* Digital Timer */ = {
			isa = PBXNativeTarget;
			buildConfigurationList = FD221B0A207DAB5100C2FFD9 /* Build configuration list for PBXNativeTarget "Digital Timer" */;
			buildPhases = (
				FD221AF4207DAB5000C2FFD9 /* Sources */,
				FD221AF5207DAB5000C2FFD9 /* Frameworks */,
				FD221AF6207DAB5000C2FFD9 /* Resources */,
			);
			buildRules = (
			);
			dependencies = (
			);
			name = "Digital Timer";
			productName = "Digital Timer";
			productReference = FD221AF8207DAB5000C2FFD9 /* Digital Timer.app */;
			productType = "com.apple.product-type.application";
		};
/* End PBXNativeTarget section */

/* Begin PBXProject section */
		FD221AF0207DAB5000C2FFD9 /* Project object */ = {
			isa = PBXProject;
			attributes = {
				LastSwiftUpdateCheck = 0920;
				LastUpgradeCheck = 0920;
				ORGANIZATIONNAME = YDuChoi;
				TargetAttributes = {
					FD221AF7207DAB5000C2FFD9 = {
						CreatedOnToolsVersion = 9.2;
						ProvisioningStyle = Automatic;
					};
				};
			};
			buildConfigurationList = FD221AF3207DAB5000C2FFD9 /* Build configuration list for PBXProject "Digital Timer" */;
			compatibilityVersion = "Xcode 8.0";
			developmentRegion = en;
			hasScannedForEncodings = 0;
			knownRegions = (
				en,
				Base,
			);
			mainGroup = FD221AEF207DAB5000C2FFD9;
			productRefGroup = FD221AF9207DAB5000C2FFD9 /* Products */;
			projectDirPath = "";
			projectRoot = "";
			targets = (
				FD221AF7207DAB5000C2FFD9 /* Digital Timer */,
			);
		};
/* End PBXProject section */

/* Begin PBXResourcesBuildPhase section */
		FD221AF6207DAB5000C2FFD9 /* Resources */ = {
			isa = PBXResourcesBuildPhase;
			buildActionMask = 2147483647;
			files = (
				FD221B06207DAB5100C2FFD9 /* LaunchScreen.storyboard in Resources */,
				FD221B03207DAB5100C2FFD9 /* Assets.xcassets in Resources */,
				FD221B01207DAB5100C2FFD9 /* Main.storyboard in Resources */,
			);
			runOnlyForDeploymentPostprocessing = 0;
		};
/* End PBXResourcesBuildPhase section */

/* Begin PBXSourcesBuildPhase section */
		FD221AF4207DAB5000C2FFD9 /* Sources */ = {
			isa = PBXSourcesBuildPhase;
			buildActionMask = 2147483647;
			files = (
				FD221AFE207DAB5000C2FFD9 /* ViewController.swift in Sources */,
				FD221AFC207DAB5000C2FFD9 /* AppDelegate.swift in Sources */,
			);
			runOnlyForDeploymentPostprocessing = 0;
		};
/* End PBXSourcesBuildPhase section */

/* Begin PBXVariantGroup section */
		FD221AFF207DAB5100C2FFD9 /* Main.storyboard */ = {
			isa = PBXVariantGroup;
			children = (
				FD221B00207DAB5100C2FFD9 /* Base */,
			);
			name = Main.storyboard;
			sourceTree = "<group>";
		};
		FD221B04207DAB5100C2FFD9 /* LaunchScreen.storyboard */ = {
			isa = PBXVariantGroup;
			children = (
				FD221B05207DAB5100C2FFD9 /* Base */,
			);
			name = LaunchScreen.storyboard;
			sourceTree = "<group>";
		};
/* End PBXVariantGroup section */

/* Begin XCBuildConfiguration section */
		FD221B08207DAB5100C2FFD9 /* Debug */ = {
			isa = XCBuildConfiguration;
			buildSettings = {
				ALWAYS_SEARCH_USER_PATHS = NO;
				CLANG_ANALYZER_NONNULL = YES;
				CLANG_ANALYZER_NUMBER_OBJECT_CONVERSION = YES_AGGRESSIVE;
				CLANG_CXX_LANGUAGE_STANDARD = "gnu++14";
				CLANG_CXX_LIBRARY = "libc++";
				CLANG_ENABLE_MODULES = YES;
				CLANG_ENABLE_OBJC_ARC = YES;
				CLANG_WARN_BLOCK_CAPTURE_AUTORELEASING = YES;
				CLANG_WARN_BOOL_CONVERSION = YES;
				CLANG_WARN_COMMA = YES;
				CLANG_WARN_CONSTANT_CONVERSION = YES;
				CLANG_WARN_DIRECT_OBJC_ISA_USAGE = YES_ERROR;
				CLANG_WARN_DOCUMENTATION_COMMENTS = YES;
				CLANG_WARN_EMPTY_BODY = YES;
				CLANG_WARN_ENUM_CONVERSION = YES;
				CLANG_WARN_INFINITE_RECURSION = YES;
				CLANG_WARN_INT_CONVERSION = YES;
				CLANG_WARN_NON_LITERAL_NULL_CONVERSION = YES;
				CLANG_WARN_OBJC_LITERAL_CONVERSION = YES;
				CLANG_WARN_OBJC_ROOT_CLASS = YES_ERROR;
				CLANG_WARN_RANGE_LOOP_ANALYSIS = YES;
				CLANG_WARN_STRICT_PROTOTYPES = YES;
				CLANG_WARN_SUSPICIOUS_MOVE = YES;
				CLANG_WARN_UNGUARDED_AVAILABILITY = YES_AGGRESSIVE;
				CLANG_WARN_UNREACHABLE_CODE = YES;
				CLANG_WARN__DUPLICATE_METHOD_MATCH = YES;
				CODE_SIGN_IDENTITY = "iPhone Developer";
				COPY_PHASE_STRIP = NO;
				DEBUG_INFORMATION_FORMAT = dwarf;
				ENABLE_STRICT_OBJC_MSGSEND = YES;
				ENABLE_TESTABILITY = YES;
				GCC_C_LANGUAGE_STANDARD = gnu11;
				GCC_DYNAMIC_NO_PIC = NO;
				GCC_NO_COMMON_BLOCKS = YES;
				GCC_OPTIMIZATION_LEVEL = 0;
				GCC_PREPROCESSOR_DEFINITIONS = (
					"DEBUG=1",
					"$(inherited)",
				);
				GCC_WARN_64_TO_32_BIT_CONVERSION = YES;
				GCC_WARN_ABOUT_RETURN_TYPE = YES_ERROR;
				GCC_WARN_UNDECLARED_SELECTOR = YES;
				GCC_WARN_UNINITIALIZED_AUTOS = YES_AGGRESSIVE;
				GCC_WARN_UNUSED_FUNCTION = YES;
				GCC_WARN_UNUSED_VARIABLE = YES;
				IPHONEOS_DEPLOYMENT_TARGET = 11.2;
				MTL_ENABLE_DEBUG_INFO = YES;
				ONLY_ACTIVE_ARCH = YES;
				SDKROOT = iphoneos;
				SWIFT_ACTIVE_COMPILATION_CONDITIONS = DEBUG;
				SWIFT_OPTIMIZATION_LEVEL = "-Onone";
			};
			name = Debug;
		};
		FD221B09207DAB5100C2FFD9 /* Release */ = {
			isa = XCBuildConfiguration;
			buildSettings = {
				ALWAYS_SEARCH_USER_PATHS = NO;
				CLANG_ANALYZER_NONNULL = YES;
				CLANG_ANALYZER_NUMBER_OBJECT_CONVERSION = YES_AGGRESSIVE;
				CLANG_CXX_LANGUAGE_STANDARD = "gnu++14";
				CLANG_CXX_LIBRARY = "libc++";
				CLANG_ENABLE_MODULES = YES;
				CLANG_ENABLE_OBJC_ARC = YES;
				CLANG_WARN_BLOCK_CAPTURE_AUTORELEASING = YES;
				CLANG_WARN_BOOL_CONVERSION = YES;
				CLANG_WARN_COMMA = YES;
				CLANG_WARN_CONSTANT_CONVERSION = YES;
				CLANG_WARN_DIRECT_OBJC_ISA_USAGE = YES_ERROR;
				CLANG_WARN_DOCUMENTATION_COMMENTS = YES;
				CLANG_WARN_EMPTY_BODY = YES;
				CLANG_WARN_ENUM_CONVERSION = YES;
				CLANG_WARN_INFINITE_RECURSION = YES;
				CLANG_WARN_INT_CONVERSION = YES;
				CLANG_WARN_NON_LITERAL_NULL_CONVERSION = YES;
				CLANG_WARN_OBJC_LITERAL_CONVERSION = YES;
				CLANG_WARN_OBJC_ROOT_CLASS = YES_ERROR;
				CLANG_WARN_RANGE_LOOP_ANALYSIS = YES;
				CLANG_WARN_STRICT_PROTOTYPES = YES;
				CLANG_WARN_SUSPICIOUS_MOVE = YES;
				CLANG_WARN_UNGUARDED_AVAILABILITY = YES_AGGRESSIVE;
				CLANG_WARN_UNREACHABLE_CODE = YES;
				CLANG_WARN__DUPLICATE_METHOD_MATCH = YES;
				CODE_SIGN_IDENTITY = "iPhone Developer";
				COPY_PHASE_STRIP = NO;
				DEBUG_INFORMATION_FORMAT = "dwarf-with-dsym";
				ENABLE_NS_ASSERTIONS = NO;
				ENABLE_STRICT_OBJC_MSGSEND = YES;
				GCC_C_LANGUAGE_STANDARD = gnu11;
				GCC_NO_COMMON_BLOCKS = YES;
				GCC_WARN_64_TO_32_BIT_CONVERSION = YES;
				GCC_WARN_ABOUT_RETURN_TYPE = YES_ERROR;
				GCC_WARN_UNDECLARED_SELECTOR = YES;
				GCC_WARN_UNINITIALIZED_AUTOS = YES_AGGRESSIVE;
				GCC_WARN_UNUSED_FUNCTION = YES;
				GCC_WARN_UNUSED_VARIABLE = YES;
				IPHONEOS_DEPLOYMENT_TARGET = 11.2;
				MTL_ENABLE_DEBUG_INFO = NO;
				SDKROOT = iphoneos;
				SWIFT_OPTIMIZATION_LEVEL = "-Owholemodule";
				VALIDATE_PRODUCT = YES;
			};
			name = Release;
		};
		FD221B0B207DAB5100C2FFD9 /* Debug */ = {
			isa = XCBuildConfiguration;
			buildSettings = {
				ASSETCATALOG_COMPILER_APPICON_NAME = AppIcon;
				CODE_SIGN_STYLE = Automatic;
				INFOPLIST_FILE = "Digital Timer/Info.plist";
				LD_RUNPATH_SEARCH_PATHS = "$(inherited) @executable_path/Frameworks";
				PRODUCT_BUNDLE_IDENTIFIER = "-01525179.Digital-Timer";
				PRODUCT_NAME = "$(TARGET_NAME)";
				SWIFT_VERSION = 4.0;
				TARGETED_DEVICE_FAMILY = "1,2";
			};
			name = Debug;
		};
		FD221B0C207DAB5100C2FFD9 /* Release */ = {
			isa = XCBuildConfiguration;
			buildSettings = {
				ASSETCATALOG_COMPILER_APPICON_NAME = AppIcon;
				CODE_SIGN_STYLE = Automatic;
				INFOPLIST_FILE = "Digital Timer/Info.plist";
				LD_RUNPATH_SEARCH_PATHS = "$(inherited) @executable_path/Frameworks";
				PRODUCT_BUNDLE_IDENTIFIER = "-01525179.Digital-Timer";
				PRODUCT_NAME = "$(TARGET_NAME)";
				SWIFT_VERSION = 4.0;
				TARGETED_DEVICE_FAMILY = "1,2";
			};
			name = Release;
		};
/* End XCBuildConfiguration section */

/* Begin XCConfigurationList section */
		FD221AF3207DAB5000C2FFD9 /* Build configuration list for PBXProject "Digital Timer" */ = {
			isa = XCConfigurationList;
			buildConfigurations = (
				FD221B08207DAB5100C2FFD9 /* Debug */,
				FD221B09207DAB5100C2FFD9 /* Release */,
			);
			defaultConfigurationIsVisible = 0;
			defaultConfigurationName = Release;
		};
		FD221B0A207DAB5100C2FFD9 /* Build configuration list for PBXNativeTarget "Digital Timer" */ = {
			isa = XCConfigurationList;
			buildConfigurations = (
				FD221B0B207DAB5100C2FFD9 /* Debug */,
				FD221B0C207DAB5100C2FFD9 /* Release */,
			);
			defaultConfigurationIsVisible = 0;
			defaultConfigurationName = Release;
		};
/* End XCConfigurationList section */
	};
	rootObject = FD221AF0207DAB5000C2FFD9 /* Project object */;
}
